// !$*UTF8*$!
{
	archiveVersion = 1;
	classes = {
	};
	objectVersion = 55;
	objects = {

/* Begin PBXBuildFile section */
		01207D682D942B16000D2A89 /* UIView+Extensions.swift in Sources */ = {isa = PBXBuildFile; fileRef = 01207D672D942B16000D2A89 /* UIView+Extensions.swift */; };
		01207D6A2D94368A000D2A89 /* UIButton+Extensions.swift in Sources */ = {isa = PBXBuildFile; fileRef = 01207D692D94368A000D2A89 /* UIButton+Extensions.swift */; };
		01207D6C2D9439AA000D2A89 /* UILabel+Extensions.swift in Sources */ = {isa = PBXBuildFile; fileRef = 01207D6B2D9439A6000D2A89 /* UILabel+Extensions.swift */; };
		01207D6E2D943A65000D2A89 /* UIImageView+Extensions.swift in Sources */ = {isa = PBXBuildFile; fileRef = 01207D6D2D943A65000D2A89 /* UIImageView+Extensions.swift */; };
		01207D702D943AA0000D2A89 /* UITextField+Extensions.swift in Sources */ = {isa = PBXBuildFile; fileRef = 01207D6F2D943AA0000D2A89 /* UITextField+Extensions.swift */; };
		01207D722D944160000D2A89 /* UIStackView+Extensions.swift in Sources */ = {isa = PBXBuildFile; fileRef = 01207D712D944160000D2A89 /* UIStackView+Extensions.swift */; };
		01CF315F288A3C8D004B8CC6 /* AppDelegate.swift in Sources */ = {isa = PBXBuildFile; fileRef = 01CF315E288A3C8D004B8CC6 /* AppDelegate.swift */; };
		01CF3161288A3C8D004B8CC6 /* SceneDelegate.swift in Sources */ = {isa = PBXBuildFile; fileRef = 01CF3160288A3C8D004B8CC6 /* SceneDelegate.swift */; };
		01CF3163288A3C8D004B8CC6 /* ViewController.swift in Sources */ = {isa = PBXBuildFile; fileRef = 01CF3162288A3C8D004B8CC6 /* ViewController.swift */; };
		01CF3166288A3C8D004B8CC6 /* Main.storyboard in Resources */ = {isa = PBXBuildFile; fileRef = 01CF3164288A3C8D004B8CC6 /* Main.storyboard */; };
		01CF3168288A3C8E004B8CC6 /* Assets.xcassets in Resources */ = {isa = PBXBuildFile; fileRef = 01CF3167288A3C8E004B8CC6 /* Assets.xcassets */; };
		01CF316B288A3C8E004B8CC6 /* LaunchScreen.storyboard in Resources */ = {isa = PBXBuildFile; fileRef = 01CF3169288A3C8E004B8CC6 /* LaunchScreen.storyboard */; };
		01CF3173288A3CA0004B8CC6 /* UIColorExtionsion.swift in Sources */ = {isa = PBXBuildFile; fileRef = 01CF3172288A3CA0004B8CC6 /* UIColorExtionsion.swift */; };
/* End PBXBuildFile section */

/* Begin PBXFileReference section */
		01207D672D942B16000D2A89 /* UIView+Extensions.swift */ = {isa = PBXFileReference; lastKnownFileType = sourcecode.swift; path = "UIView+Extensions.swift"; sourceTree = "<group>"; };
		01207D692D94368A000D2A89 /* UIButton+Extensions.swift */ = {isa = PBXFileReference; lastKnownFileType = sourcecode.swift; path = "UIButton+Extensions.swift"; sourceTree = "<group>"; };
		01207D6B2D9439A6000D2A89 /* UILabel+Extensions.swift */ = {isa = PBXFileReference; lastKnownFileType = sourcecode.swift; path = "UILabel+Extensions.swift"; sourceTree = "<group>"; };
		01207D6D2D943A65000D2A89 /* UIImageView+Extensions.swift */ = {isa = PBXFileReference; lastKnownFileType = sourcecode.swift; path = "UIImageView+Extensions.swift"; sourceTree = "<group>"; };
		01207D6F2D943AA0000D2A89 /* UITextField+Extensions.swift */ = {isa = PBXFileReference; lastKnownFileType = sourcecode.swift; path = "UITextField+Extensions.swift"; sourceTree = "<group>"; };
		01207D712D944160000D2A89 /* UIStackView+Extensions.swift */ = {isa = PBXFileReference; lastKnownFileType = sourcecode.swift; path = "UIStackView+Extensions.swift"; sourceTree = "<group>"; };
		01CF315B288A3C8D004B8CC6 /* CustomExtionsion.app */ = {isa = PBXFileReference; explicitFileType = wrapper.application; includeInIndex = 0; path = CustomExtionsion.app; sourceTree = BUILT_PRODUCTS_DIR; };
		01CF315E288A3C8D004B8CC6 /* AppDelegate.swift */ = {isa = PBXFileReference; lastKnownFileType = sourcecode.swift; path = AppDelegate.swift; sourceTree = "<group>"; };
		01CF3160288A3C8D004B8CC6 /* SceneDelegate.swift */ = {isa = PBXFileReference; lastKnownFileType = sourcecode.swift; path = SceneDelegate.swift; sourceTree = "<group>"; };
		01CF3162288A3C8D004B8CC6 /* ViewController.swift */ = {isa = PBXFileReference; lastKnownFileType = sourcecode.swift; path = ViewController.swift; sourceTree = "<group>"; };
		01CF3165288A3C8D004B8CC6 /* Base */ = {isa = PBXFileReference; lastKnownFileType = file.storyboard; name = Base; path = Base.lproj/Main.storyboard; sourceTree = "<group>"; };
		01CF3167288A3C8E004B8CC6 /* Assets.xcassets */ = {isa = PBXFileReference; lastKnownFileType = folder.assetcatalog; path = Assets.xcassets; sourceTree = "<group>"; };
		01CF316A288A3C8E004B8CC6 /* Base */ = {isa = PBXFileReference; lastKnownFileType = file.storyboard; name = Base; path = Base.lproj/LaunchScreen.storyboard; sourceTree = "<group>"; };
		01CF316C288A3C8E004B8CC6 /* Info.plist */ = {isa = PBXFileReference; lastKnownFileType = text.plist.xml; path = Info.plist; sourceTree = "<group>"; };
		01CF3172288A3CA0004B8CC6 /* UIColorExtionsion.swift */ = {isa = PBXFileReference; lastKnownFileType = sourcecode.swift; path = UIColorExtionsion.swift; sourceTree = "<group>"; };
/* End PBXFileReference section */

/* Begin PBXFrameworksBuildPhase section */
		01CF3158288A3C8D004B8CC6 /* Frameworks */ = {
			isa = PBXFrameworksBuildPhase;
			buildActionMask = 2147483647;
			files = (
			);
			runOnlyForDeploymentPostprocessing = 0;
		};
/* End PBXFrameworksBuildPhase section */

/* Begin PBXGroup section */
		01CF3152288A3C8D004B8CC6 = {
			isa = PBXGroup;
			children = (
				01CF315D288A3C8D004B8CC6 /* CustomExtionsion */,
				01CF315C288A3C8D004B8CC6 /* Products */,
			);
			sourceTree = "<group>";
		};
		01CF315C288A3C8D004B8CC6 /* Products */ = {
			isa = PBXGroup;
			children = (
				01CF315B288A3C8D004B8CC6 /* CustomExtionsion.app */,
			);
			name = Products;
			sourceTree = "<group>";
		};
		01CF315D288A3C8D004B8CC6 /* CustomExtionsion */ = {
			isa = PBXGroup;
			children = (
				01CF315E288A3C8D004B8CC6 /* AppDelegate.swift */,
				01CF3160288A3C8D004B8CC6 /* SceneDelegate.swift */,
				01CF3162288A3C8D004B8CC6 /* ViewController.swift */,
				01CF3172288A3CA0004B8CC6 /* UIColorExtionsion.swift */,
				01207D672D942B16000D2A89 /* UIView+Extensions.swift */,
				01207D692D94368A000D2A89 /* UIButton+Extensions.swift */,
				01207D6B2D9439A6000D2A89 /* UILabel+Extensions.swift */,
				01207D6D2D943A65000D2A89 /* UIImageView+Extensions.swift */,
				01207D6F2D943AA0000D2A89 /* UITextField+Extensions.swift */,
				01207D712D944160000D2A89 /* UIStackView+Extensions.swift */,
				01CF3164288A3C8D004B8CC6 /* Main.storyboard */,
				01CF3167288A3C8E004B8CC6 /* Assets.xcassets */,
				01CF3169288A3C8E004B8CC6 /* LaunchScreen.storyboard */,
				01CF316C288A3C8E004B8CC6 /* Info.plist */,
			);
			path = CustomExtionsion;
			sourceTree = "<group>";
		};
/* End PBXGroup section */

/* Begin PBXNativeTarget section */
		01CF315A288A3C8D004B8CC6 /* CustomExtionsion */ = {
			isa = PBXNativeTarget;
			buildConfigurationList = 01CF316F288A3C8E004B8CC6 /* Build configuration list for PBXNativeTarget "CustomExtionsion" */;
			buildPhases = (
				01CF3157288A3C8D004B8CC6 /* Sources */,
				01CF3158288A3C8D004B8CC6 /* Frameworks */,
				01CF3159288A3C8D004B8CC6 /* Resources */,
			);
			buildRules = (
			);
			dependencies = (
			);
			name = CustomExtionsion;
			productName = CustomExtionsion;
			productReference = 01CF315B288A3C8D004B8CC6 /* CustomExtionsion.app */;
			productType = "com.apple.product-type.application";
		};
/* End PBXNativeTarget section */

/* Begin PBXProject section */
		01CF3153288A3C8D004B8CC6 /* Project object */ = {
			isa = PBXProject;
			attributes = {
				BuildIndependentTargetsInParallel = 1;
				LastSwiftUpdateCheck = 1340;
				LastUpgradeCheck = 1340;
				TargetAttributes = {
					01CF315A288A3C8D004B8CC6 = {
						CreatedOnToolsVersion = 13.4.1;
					};
				};
			};
			buildConfigurationList = 01CF3156288A3C8D004B8CC6 /* Build configuration list for PBXProject "CustomExtionsion" */;
			compatibilityVersion = "Xcode 13.0";
			developmentRegion = en;
			hasScannedForEncodings = 0;
			knownRegions = (
				en,
				Base,
			);
			mainGroup = 01CF3152288A3C8D004B8CC6;
			productRefGroup = 01CF315C288A3C8D004B8CC6 /* Products */;
			projectDirPath = "";
			projectRoot = "";
			targets = (
				01CF315A288A3C8D004B8CC6 /* CustomExtionsion */,
			);
		};
/* End PBXProject section */

/* Begin PBXResourcesBuildPhase section */
		01CF3159288A3C8D004B8CC6 /* Resources */ = {
			isa = PBXResourcesBuildPhase;
			buildActionMask = 2147483647;
			files = (
				01CF316B288A3C8E004B8CC6 /* LaunchScreen.storyboard in Resources */,
				01CF3168288A3C8E004B8CC6 /* Assets.xcassets in Resources */,
				01CF3166288A3C8D004B8CC6 /* Main.storyboard in Resources */,
			);
			runOnlyForDeploymentPostprocessing = 0;
		};
/* End PBXResourcesBuildPhase section */

/* Begin PBXSourcesBuildPhase section */
		01CF3157288A3C8D004B8CC6 /* Sources */ = {
			isa = PBXSourcesBuildPhase;
			buildActionMask = 2147483647;
			files = (
				01CF3163288A3C8D004B8CC6 /* ViewController.swift in Sources */,
				01207D6A2D94368A000D2A89 /* UIButton+Extensions.swift in Sources */,
				01207D6C2D9439AA000D2A89 /* UILabel+Extensions.swift in Sources */,
				01CF315F288A3C8D004B8CC6 /* AppDelegate.swift in Sources */,
				01207D682D942B16000D2A89 /* UIView+Extensions.swift in Sources */,
				01CF3161288A3C8D004B8CC6 /* SceneDelegate.swift in Sources */,
				01207D702D943AA0000D2A89 /* UITextField+Extensions.swift in Sources */,
				01207D722D944160000D2A89 /* UIStackView+Extensions.swift in Sources */,
				01207D6E2D943A65000D2A89 /* UIImageView+Extensions.swift in Sources */,
				01CF3173288A3CA0004B8CC6 /* UIColorExtionsion.swift in Sources */,
			);
			runOnlyForDeploymentPostprocessing = 0;
		};
/* End PBXSourcesBuildPhase section */

/* Begin PBXVariantGroup section */
		01CF3164288A3C8D004B8CC6 /* Main.storyboard */ = {
			isa = PBXVariantGroup;
			children = (
				01CF3165288A3C8D004B8CC6 /* Base */,
			);
			name = Main.storyboard;
			sourceTree = "<group>";
		};
		01CF3169288A3C8E004B8CC6 /* LaunchScreen.storyboard */ = {
			isa = PBXVariantGroup;
			children = (
				01CF316A288A3C8E004B8CC6 /* Base */,
			);
			name = LaunchScreen.storyboard;
			sourceTree = "<group>";
		};
/* End PBXVariantGroup section */

/* Begin XCBuildConfiguration section */
		01CF316D288A3C8E004B8CC6 /* Debug */ = {
			isa = XCBuildConfiguration;
			buildSettings = {
				ALWAYS_SEARCH_USER_PATHS = NO;
				CLANG_ANALYZER_NONNULL = YES;
				CLANG_ANALYZER_NUMBER_OBJECT_CONVERSION = YES_AGGRESSIVE;
				CLANG_CXX_LANGUAGE_STANDARD = "gnu++17";
				CLANG_ENABLE_MODULES = YES;
				CLANG_ENABLE_OBJC_ARC = YES;
				CLANG_ENABLE_OBJC_WEAK = YES;
				CLANG_WARN_BLOCK_CAPTURE_AUTORELEASING = YES;
				CLANG_WARN_BOOL_CONVERSION = YES;
				CLANG_WARN_COMMA = YES;
				CLANG_WARN_CONSTANT_CONVERSION = YES;
				CLANG_WARN_DEPRECATED_OBJC_IMPLEMENTATIONS = YES;
				CLANG_WARN_DIRECT_OBJC_ISA_USAGE = YES_ERROR;
				CLANG_WARN_DOCUMENTATION_COMMENTS = YES;
				CLANG_WARN_EMPTY_BODY = YES;
				CLANG_WARN_ENUM_CONVERSION = YES;
				CLANG_WARN_INFINITE_RECURSION = YES;
				CLANG_WARN_INT_CONVERSION = YES;
				CLANG_WARN_NON_LITERAL_NULL_CONVERSION = YES;
				CLANG_WARN_OBJC_IMPLICIT_RETAIN_SELF = YES;
				CLANG_WARN_OBJC_LITERAL_CONVERSION = YES;
				CLANG_WARN_OBJC_ROOT_CLASS = YES_ERROR;
				CLANG_WARN_QUOTED_INCLUDE_IN_FRAMEWORK_HEADER = YES;
				CLANG_WARN_RANGE_LOOP_ANALYSIS = YES;
				CLANG_WARN_STRICT_PROTOTYPES = YES;
				CLANG_WARN_SUSPICIOUS_MOVE = YES;
				CLANG_WARN_UNGUARDED_AVAILABILITY = YES_AGGRESSIVE;
				CLANG_WARN_UNREACHABLE_CODE = YES;
				CLANG_WARN__DUPLICATE_METHOD_MATCH = YES;
				COPY_PHASE_STRIP = NO;
				DEBUG_INFORMATION_FORMAT = dwarf;
				ENABLE_STRICT_OBJC_MSGSEND = YES;
				ENABLE_TESTABILITY = YES;
				GCC_C_LANGUAGE_STANDARD = gnu11;
				GCC_DYNAMIC_NO_PIC = NO;
				GCC_NO_COMMON_BLOCKS = YES;
				GCC_OPTIMIZATION_LEVEL = 0;
				GCC_PREPROCESSOR_DEFINITIONS = (
					"DEBUG=1",
					"$(inherited)",
				);
				GCC_WARN_64_TO_32_BIT_CONVERSION = YES;
				GCC_WARN_ABOUT_RETURN_TYPE = YES_ERROR;
				GCC_WARN_UNDECLARED_SELECTOR = YES;
				GCC_WARN_UNINITIALIZED_AUTOS = YES_AGGRESSIVE;
				GCC_WARN_UNUSED_FUNCTION = YES;
				GCC_WARN_UNUSED_VARIABLE = YES;
				IPHONEOS_DEPLOYMENT_TARGET = 15.5;
				MTL_ENABLE_DEBUG_INFO = INCLUDE_SOURCE;
				MTL_FAST_MATH = YES;
				ONLY_ACTIVE_ARCH = YES;
				SDKROOT = iphoneos;
				SWIFT_ACTIVE_COMPILATION_CONDITIONS = DEBUG;
				SWIFT_OPTIMIZATION_LEVEL = "-Onone";
			};
			name = Debug;
		};
		01CF316E288A3C8E004B8CC6 /* Release */ = {
			isa = XCBuildConfiguration;
			buildSettings = {
				ALWAYS_SEARCH_USER_PATHS = NO;
				CLANG_ANALYZER_NONNULL = YES;
				CLANG_ANALYZER_NUMBER_OBJECT_CONVERSION = YES_AGGRESSIVE;
				CLANG_CXX_LANGUAGE_STANDARD = "gnu++17";
				CLANG_ENABLE_MODULES = YES;
				CLANG_ENABLE_OBJC_ARC = YES;
				CLANG_ENABLE_OBJC_WEAK = YES;
				CLANG_WARN_BLOCK_CAPTURE_AUTORELEASING = YES;
				CLANG_WARN_BOOL_CONVERSION = YES;
				CLANG_WARN_COMMA = YES;
				CLANG_WARN_CONSTANT_CONVERSION = YES;
				CLANG_WARN_DEPRECATED_OBJC_IMPLEMENTATIONS = YES;
				CLANG_WARN_DIRECT_OBJC_ISA_USAGE = YES_ERROR;
				CLANG_WARN_DOCUMENTATION_COMMENTS = YES;
				CLANG_WARN_EMPTY_BODY = YES;
				CLANG_WARN_ENUM_CONVERSION = YES;
				CLANG_WARN_INFINITE_RECURSION = YES;
				CLANG_WARN_INT_CONVERSION = YES;
				CLANG_WARN_NON_LITERAL_NULL_CONVERSION = YES;
				CLANG_WARN_OBJC_IMPLICIT_RETAIN_SELF = YES;
				CLANG_WARN_OBJC_LITERAL_CONVERSION = YES;
				CLANG_WARN_OBJC_ROOT_CLASS = YES_ERROR;
				CLANG_WARN_QUOTED_INCLUDE_IN_FRAMEWORK_HEADER = YES;
				CLANG_WARN_RANGE_LOOP_ANALYSIS = YES;
				CLANG_WARN_STRICT_PROTOTYPES = YES;
				CLANG_WARN_SUSPICIOUS_MOVE = YES;
				CLANG_WARN_UNGUARDED_AVAILABILITY = YES_AGGRESSIVE;
				CLANG_WARN_UNREACHABLE_CODE = YES;
				CLANG_WARN__DUPLICATE_METHOD_MATCH = YES;
				COPY_PHASE_STRIP = NO;
				DEBUG_INFORMATION_FORMAT = "dwarf-with-dsym";
				ENABLE_NS_ASSERTIONS = NO;
				ENABLE_STRICT_OBJC_MSGSEND = YES;
				GCC_C_LANGUAGE_STANDARD = gnu11;
				GCC_NO_COMMON_BLOCKS = YES;
				GCC_WARN_64_TO_32_BIT_CONVERSION = YES;
				GCC_WARN_ABOUT_RETURN_TYPE = YES_ERROR;
				GCC_WARN_UNDECLARED_SELECTOR = YES;
				GCC_WARN_UNINITIALIZED_AUTOS = YES_AGGRESSIVE;
				GCC_WARN_UNUSED_FUNCTION = YES;
				GCC_WARN_UNUSED_VARIABLE = YES;
				IPHONEOS_DEPLOYMENT_TARGET = 15.5;
				MTL_ENABLE_DEBUG_INFO = NO;
				MTL_FAST_MATH = YES;
				SDKROOT = iphoneos;
				SWIFT_COMPILATION_MODE = wholemodule;
				SWIFT_OPTIMIZATION_LEVEL = "-O";
				VALIDATE_PRODUCT = YES;
			};
			name = Release;
		};
		01CF3170288A3C8E004B8CC6 /* Debug */ = {
			isa = XCBuildConfiguration;
			buildSettings = {
				ASSETCATALOG_COMPILER_APPICON_NAME = AppIcon;
				ASSETCATALOG_COMPILER_GLOBAL_ACCENT_COLOR_NAME = AccentColor;
				CODE_SIGN_STYLE = Automatic;
				CURRENT_PROJECT_VERSION = 1;
				DEVELOPMENT_TEAM = XP44KJ6JB3;
				GENERATE_INFOPLIST_FILE = YES;
				INFOPLIST_FILE = CustomExtionsion/Info.plist;
				INFOPLIST_KEY_UIApplicationSupportsIndirectInputEvents = YES;
				INFOPLIST_KEY_UILaunchStoryboardName = LaunchScreen;
				INFOPLIST_KEY_UIMainStoryboardFile = Main;
				INFOPLIST_KEY_UISupportedInterfaceOrientations_iPad = "UIInterfaceOrientationPortrait UIInterfaceOrientationPortraitUpsideDown UIInterfaceOrientationLandscapeLeft UIInterfaceOrientationLandscapeRight";
				INFOPLIST_KEY_UISupportedInterfaceOrientations_iPhone = "UIInterfaceOrientationPortrait UIInterfaceOrientationLandscapeLeft UIInterfaceOrientationLandscapeRight";
				LD_RUNPATH_SEARCH_PATHS = (
					"$(inherited)",
					"@executable_path/Frameworks",
				);
				MARKETING_VERSION = 1.0;
				PRODUCT_BUNDLE_IDENTIFIER = com.ywangnon.CustomExtionsion;
				PRODUCT_NAME = "$(TARGET_NAME)";
				SWIFT_EMIT_LOC_STRINGS = YES;
				SWIFT_VERSION = 5.0;
				TARGETED_DEVICE_FAMILY = "1,2";
			};
			name = Debug;
		};
		01CF3171288A3C8E004B8CC6 /* Release */ = {
			isa = XCBuildConfiguration;
			buildSettings = {
				ASSETCATALOG_COMPILER_APPICON_NAME = AppIcon;
				ASSETCATALOG_COMPILER_GLOBAL_ACCENT_COLOR_NAME = AccentColor;
				CODE_SIGN_STYLE = Automatic;
				CURRENT_PROJECT_VERSION = 1;
				DEVELOPMENT_TEAM = XP44KJ6JB3;
				GENERATE_INFOPLIST_FILE = YES;
				INFOPLIST_FILE = CustomExtionsion/Info.plist;
				INFOPLIST_KEY_UIApplicationSupportsIndirectInputEvents = YES;
				INFOPLIST_KEY_UILaunchStoryboardName = LaunchScreen;
				INFOPLIST_KEY_UIMainStoryboardFile = Main;
				INFOPLIST_KEY_UISupportedInterfaceOrientations_iPad = "UIInterfaceOrientationPortrait UIInterfaceOrientationPortraitUpsideDown UIInterfaceOrientationLandscapeLeft UIInterfaceOrientationLandscapeRight";
				INFOPLIST_KEY_UISupportedInterfaceOrientations_iPhone = "UIInterfaceOrientationPortrait UIInterfaceOrientationLandscapeLeft UIInterfaceOrientationLandscapeRight";
				LD_RUNPATH_SEARCH_PATHS = (
					"$(inherited)",
					"@executable_path/Frameworks",
				);
				MARKETING_VERSION = 1.0;
				PRODUCT_BUNDLE_IDENTIFIER = com.ywangnon.CustomExtionsion;
				PRODUCT_NAME = "$(TARGET_NAME)";
				SWIFT_EMIT_LOC_STRINGS = YES;
				SWIFT_VERSION = 5.0;
				TARGETED_DEVICE_FAMILY = "1,2";
			};
			name = Release;
		};
/* End XCBuildConfiguration section */

/* Begin XCConfigurationList section */
		01CF3156288A3C8D004B8CC6 /* Build configuration list for PBXProject "CustomExtionsion" */ = {
			isa = XCConfigurationList;
			buildConfigurations = (
				01CF316D288A3C8E004B8CC6 /* Debug */,
				01CF316E288A3C8E004B8CC6 /* Release */,
			);
			defaultConfigurationIsVisible = 0;
			defaultConfigurationName = Release;
		};
		01CF316F288A3C8E004B8CC6 /* Build configuration list for PBXNativeTarget "CustomExtionsion" */ = {
			isa = XCConfigurationList;
			buildConfigurations = (
				01CF3170288A3C8E004B8CC6 /* Debug */,
				01CF3171288A3C8E004B8CC6 /* Release */,
			);
			defaultConfigurationIsVisible = 0;
			defaultConfigurationName = Release;
		};
/* End XCConfigurationList section */
	};
	rootObject = 01CF3153288A3C8D004B8CC6 /* Project object */;
}
